
Microsoft Visual Studio Solution File, Format Version 12.00
# Visual Studio 15
VisualStudioVersion = 15.0.28307.539
MinimumVisualStudioVersion = 10.0.40219.1
Project("{FAE04EC0-301F-11D3-BF4B-00C04F79EFBC}") = "TestAMC", "TestAMC\TestAMC.csproj", "{27F522DD-CE8C-4093-BE93-31165C82658D}"
EndProject
Global
	GlobalSection(SolutionConfigurationPlatforms) = preSolution
		Debug|Any CPU = Debug|Any CPU
		Release|Any CPU = Release|Any CPU
	EndGlobalSection
	GlobalSection(ProjectConfigurationPlatforms) = postSolution
		{27F522DD-CE8C-4093-BE93-31165C82658D}.Debug|Any CPU.ActiveCfg = Debug|Any CPU
		{27F522DD-CE8C-4093-BE93-31165C82658D}.Debug|Any CPU.Build.0 = Debug|Any CPU
		{27F522DD-CE8C-4093-BE93-31165C82658D}.Release|Any CPU.ActiveCfg = Release|Any CPU
		{27F522DD-CE8C-4093-BE93-31165C82658D}.Release|Any CPU.Build.0 = Release|Any CPU
	EndGlobalSection
	GlobalSection(SolutionProperties) = preSolution
		HideSolutionNode = FALSE
	EndGlobalSection
	GlobalSection(ExtensibilityGlobals) = postSolution
		SolutionGuid = {ECB03FD5-9C0C-4186-BFCA-58A41C0BB423}
	EndGlobalSection
EndGlobal
